
Microsoft Visual Studio Solution File, Format Version 12.00
# Visual Studio Version 17
VisualStudioVersion = 17.4.33213.308
MinimumVisualStudioVersion = 10.0.40219.1
Project("{FAE04EC0-301F-11D3-BF4B-00C04F79EFBC}") = "MoviesAPI", "MoviesAPI\MoviesAPI.csproj", "{A494C0D8-5AAD-41FF-AA0E-D33D2957EB8A}"
EndProject
Global
	GlobalSection(SolutionConfigurationPlatforms) = preSolution
		Debug|Any CPU = Debug|Any CPU
		Release|Any CPU = Release|Any CPU
	EndGlobalSection
	GlobalSection(ProjectConfigurationPlatforms) = postSolution
		{A494C0D8-5AAD-41FF-AA0E-D33D2957EB8A}.Debug|Any CPU.ActiveCfg = Debug|Any CPU
		{A494C0D8-5AAD-41FF-AA0E-D33D2957EB8A}.Debug|Any CPU.Build.0 = Debug|Any CPU
		{A494C0D8-5AAD-41FF-AA0E-D33D2957EB8A}.Release|Any CPU.ActiveCfg = Release|Any CPU
		{A494C0D8-5AAD-41FF-AA0E-D33D2957EB8A}.Release|Any CPU.Build.0 = Release|Any CPU
	EndGlobalSection
	GlobalSection(SolutionProperties) = preSolution
		HideSolutionNode = FALSE
	EndGlobalSection
	GlobalSection(ExtensibilityGlobals) = postSolution
		SolutionGuid = {247B3E7E-CD1D-4871-A909-7BBFB9FA4C05}
	EndGlobalSection
EndGlobal
